
Microsoft Visual Studio Solution File, Format Version 12.00
# Visual Studio Version 17
VisualStudioVersion = 17.5.33106.23
MinimumVisualStudioVersion = 10.0.40219.1
Project("{FAE04EC0-301F-11D3-BF4B-00C04F79EFBC}") = "RefactoringsDemo", "RepeatedEditsDemo\RefactoringsDemo.csproj", "{72C138E3-2C54-4B96-8EC0-C1B0D1813673}"
EndProject
Project("{9A19103F-16F7-4668-BE54-9A1E7A4F7556}") = "Conduit", "Conduit\Conduit.csproj", "{24BE4D6B-0D6A-4007-8517-3C6F2D3B0705}"
EndProject
Project("{9A19103F-16F7-4668-BE54-9A1E7A4F7556}") = "ExampleProject", "ExampleProject\ExampleProject.csproj", "{F1B078CC-36C3-4CCF-A366-2350AA0BCD73}"
EndProject
Project("{9A19103F-16F7-4668-BE54-9A1E7A4F7556}") = "MigrationProject", "MigrationProject\MigrationProject.csproj", "{94F2C3F0-8068-4F12-AA89-7AB31F1E2329}"
EndProject
Global
	GlobalSection(SolutionConfigurationPlatforms) = preSolution
		Debug|Any CPU = Debug|Any CPU
		Release|Any CPU = Release|Any CPU
	EndGlobalSection
	GlobalSection(ProjectConfigurationPlatforms) = postSolution
		{72C138E3-2C54-4B96-8EC0-C1B0D1813673}.Debug|Any CPU.ActiveCfg = Debug|Any CPU
		{72C138E3-2C54-4B96-8EC0-C1B0D1813673}.Debug|Any CPU.Build.0 = Debug|Any CPU
		{72C138E3-2C54-4B96-8EC0-C1B0D1813673}.Release|Any CPU.ActiveCfg = Release|Any CPU
		{72C138E3-2C54-4B96-8EC0-C1B0D1813673}.Release|Any CPU.Build.0 = Release|Any CPU
		{24BE4D6B-0D6A-4007-8517-3C6F2D3B0705}.Debug|Any CPU.ActiveCfg = Debug|Any CPU
		{24BE4D6B-0D6A-4007-8517-3C6F2D3B0705}.Debug|Any CPU.Build.0 = Debug|Any CPU
		{24BE4D6B-0D6A-4007-8517-3C6F2D3B0705}.Release|Any CPU.ActiveCfg = Release|Any CPU
		{24BE4D6B-0D6A-4007-8517-3C6F2D3B0705}.Release|Any CPU.Build.0 = Release|Any CPU
		{F1B078CC-36C3-4CCF-A366-2350AA0BCD73}.Debug|Any CPU.ActiveCfg = Debug|Any CPU
		{F1B078CC-36C3-4CCF-A366-2350AA0BCD73}.Debug|Any CPU.Build.0 = Debug|Any CPU
		{F1B078CC-36C3-4CCF-A366-2350AA0BCD73}.Release|Any CPU.ActiveCfg = Release|Any CPU
		{F1B078CC-36C3-4CCF-A366-2350AA0BCD73}.Release|Any CPU.Build.0 = Release|Any CPU
		{94F2C3F0-8068-4F12-AA89-7AB31F1E2329}.Debug|Any CPU.ActiveCfg = Debug|Any CPU
		{94F2C3F0-8068-4F12-AA89-7AB31F1E2329}.Debug|Any CPU.Build.0 = Debug|Any CPU
		{94F2C3F0-8068-4F12-AA89-7AB31F1E2329}.Release|Any CPU.ActiveCfg = Release|Any CPU
		{94F2C3F0-8068-4F12-AA89-7AB31F1E2329}.Release|Any CPU.Build.0 = Release|Any CPU
	EndGlobalSection
	GlobalSection(SolutionProperties) = preSolution
		HideSolutionNode = FALSE
	EndGlobalSection
	GlobalSection(ExtensibilityGlobals) = postSolution
		SolutionGuid = {81389562-3739-4595-85FE-931CF22F2277}
	EndGlobalSection
EndGlobal
