
Microsoft Visual Studio Solution File, Format Version 12.00
# Visual Studio Version 16
VisualStudioVersion = 16.0.29319.158
MinimumVisualStudioVersion = 10.0.40219.1
Project("{FAE04EC0-301F-11D3-BF4B-00C04F79EFBC}") = "ExampleProject", "ExampleProject.csproj", "{2A7D33DD-4466-4E1A-9F9C-77ED49777875}"
EndProject
Global
	GlobalSection(SolutionConfigurationPlatforms) = preSolution
		Debug|Any CPU = Debug|Any CPU
		Release|Any CPU = Release|Any CPU
	EndGlobalSection
	GlobalSection(ProjectConfigurationPlatforms) = postSolution
		{2A7D33DD-4466-4E1A-9F9C-77ED49777875}.Debug|Any CPU.ActiveCfg = Debug|Any CPU
		{2A7D33DD-4466-4E1A-9F9C-77ED49777875}.Debug|Any CPU.Build.0 = Debug|Any CPU
		{2A7D33DD-4466-4E1A-9F9C-77ED49777875}.Release|Any CPU.ActiveCfg = Release|Any CPU
		{2A7D33DD-4466-4E1A-9F9C-77ED49777875}.Release|Any CPU.Build.0 = Release|Any CPU
	EndGlobalSection
	GlobalSection(SolutionProperties) = preSolution
		HideSolutionNode = FALSE
	EndGlobalSection
	GlobalSection(ExtensibilityGlobals) = postSolution
		SolutionGuid = {F9A3D36E-A0BB-4AD7-84B7-6437D218D8AA}
	EndGlobalSection
EndGlobal
